
Microsoft Visual Studio Solution File, Format Version 12.00
# Visual Studio Version 17
VisualStudioVersion = 17.10.35013.160
MinimumVisualStudioVersion = 10.0.40219.1
Project("{FAE04EC0-301F-11D3-BF4B-00C04F79EFBC}") = "PracticeAss2", "PracticeAss2.csproj", "{437977FA-4D18-44AE-B3BE-C8AD2D767181}"
EndProject
Global
	GlobalSection(SolutionConfigurationPlatforms) = preSolution
		Debug|Any CPU = Debug|Any CPU
		Release|Any CPU = Release|Any CPU
	EndGlobalSection
	GlobalSection(ProjectConfigurationPlatforms) = postSolution
		{437977FA-4D18-44AE-B3BE-C8AD2D767181}.Debug|Any CPU.ActiveCfg = Debug|Any CPU
		{437977FA-4D18-44AE-B3BE-C8AD2D767181}.Debug|Any CPU.Build.0 = Debug|Any CPU
		{437977FA-4D18-44AE-B3BE-C8AD2D767181}.Release|Any CPU.ActiveCfg = Release|Any CPU
		{437977FA-4D18-44AE-B3BE-C8AD2D767181}.Release|Any CPU.Build.0 = Release|Any CPU
	EndGlobalSection
	GlobalSection(SolutionProperties) = preSolution
		HideSolutionNode = FALSE
	EndGlobalSection
	GlobalSection(ExtensibilityGlobals) = postSolution
		SolutionGuid = {28735672-68DC-4903-89F3-031B53AA3622}
	EndGlobalSection
EndGlobal
